<?xml version="1.0" encoding="utf-8"?>
<Project ToolsVersion="4.0" xmlns="http://schemas.microsoft.com/developer/msbuild/2003">
  <ItemGroup>
    <ClInclude Include="Entities\Vendedor\Vendedor.h" />
    <ClInclude Include="Entities\Prenda\Prenda.h" />
    <ClInclude Include="Entities\Tienda\Tienda.h" />
    <ClInclude Include="Entities\Cotizacion\Cotizacion.h" />
    <ClInclude Include="Entities\Pantalon\Pantalon.h" />
    <ClInclude Include="Entities\Camisa\Camisa.h" />
    <ClInclude Include="Strategies\Factories\CotizacionStrategyFactory.h" />
    <ClInclude Include="Strategies\Prendas\PrendaCotizacionStrategy.h" />
    <ClInclude Include="Strategies\Prendas\PantalonCotizacionStrategy.h" />
    <ClInclude Include="Strategies\Prendas\CamisaCotizacionStrategy.h" />
  </ItemGroup>
  <ItemGroup>
    <ClCompile Include="Entities\Vendedor\Vendedor.cpp" />
    <ClCompile Include="Entities\Prenda\Prenda.cpp" />
    <ClCompile Include="Entities\Tienda\Tienda.cpp" />
    <ClCompile Include="Entities\Cotizacion\Cotizacion.cpp" />
    <ClCompile Include="Entities\Pantalon\Pantalon.cpp" />
    <ClCompile Include="Entities\Camisa\Camisa.cpp" />
    <ClCompile Include="Strategies\Factories\CotizacionStrategyFactory.cpp" />
    <ClCompile Include="Strategies\Prendas\PantalonCotizacionStrategy.cpp" />
    <ClCompile Include="Strategies\Prendas\CamisaCotizacionStrategy.cpp" />
    <ClCompile Include="Strategies\Prendas\PrendaCotizacionStrategy.cpp" />
  </ItemGroup>
</Project>